
Microsoft Visual Studio Solution File, Format Version 12.00
# Visual Studio 2012
Project("{FAE04EC0-301F-11D3-BF4B-00C04F79EFBC}") = "LRServer", "LRServer\LRServer.csproj", "{F9814AA3-AFC7-486E-9916-A249863584C2}"
EndProject
Project("{FAE04EC0-301F-11D3-BF4B-00C04F79EFBC}") = "LRClient", "..\..\LRClient\LRClient\LRClient.csproj", "{42CE0F3C-1D45-4E99-B981-6BB9353AA9D2}"
EndProject
Project("{FAE04EC0-301F-11D3-BF4B-00C04F79EFBC}") = "LRProtocol", "..\..\LRProtocol\LRProtocol\LRProtocol.csproj", "{20C7A5BE-2AF3-4E8C-B8BD-B71CB744C779}"
EndProject
Global
	GlobalSection(SolutionConfigurationPlatforms) = preSolution
		Debug|Any CPU = Debug|Any CPU
		Release|Any CPU = Release|Any CPU
	EndGlobalSection
	GlobalSection(ProjectConfigurationPlatforms) = postSolution
		{F9814AA3-AFC7-486E-9916-A249863584C2}.Debug|Any CPU.ActiveCfg = Debug|Any CPU
		{F9814AA3-AFC7-486E-9916-A249863584C2}.Debug|Any CPU.Build.0 = Debug|Any CPU
		{F9814AA3-AFC7-486E-9916-A249863584C2}.Release|Any CPU.ActiveCfg = Release|Any CPU
		{F9814AA3-AFC7-486E-9916-A249863584C2}.Release|Any CPU.Build.0 = Release|Any CPU
		{42CE0F3C-1D45-4E99-B981-6BB9353AA9D2}.Debug|Any CPU.ActiveCfg = Debug|Any CPU
		{42CE0F3C-1D45-4E99-B981-6BB9353AA9D2}.Debug|Any CPU.Build.0 = Debug|Any CPU
		{42CE0F3C-1D45-4E99-B981-6BB9353AA9D2}.Release|Any CPU.ActiveCfg = Release|Any CPU
		{42CE0F3C-1D45-4E99-B981-6BB9353AA9D2}.Release|Any CPU.Build.0 = Release|Any CPU
		{20C7A5BE-2AF3-4E8C-B8BD-B71CB744C779}.Debug|Any CPU.ActiveCfg = Debug|Any CPU
		{20C7A5BE-2AF3-4E8C-B8BD-B71CB744C779}.Debug|Any CPU.Build.0 = Debug|Any CPU
		{20C7A5BE-2AF3-4E8C-B8BD-B71CB744C779}.Release|Any CPU.ActiveCfg = Release|Any CPU
		{20C7A5BE-2AF3-4E8C-B8BD-B71CB744C779}.Release|Any CPU.Build.0 = Release|Any CPU
	EndGlobalSection
	GlobalSection(SolutionProperties) = preSolution
		HideSolutionNode = FALSE
	EndGlobalSection
EndGlobal
